<Solution>
  <Project Path="Localization/Localization.csproj" Id="41aa6773-b01d-4027-b503-a96c87e0a0fb" />
  <Project Path="Logging/Logging.csproj" Id="3ab714a0-b298-4cc9-832f-057fde35b8fb" />
  <Project Path="Models/Models.csproj" Id="a79b8515-c973-4d40-9ceb-e7c252c331cd" />
  <Project Path="Repository/Repository.csproj" Id="bf88e47c-fdd8-4b0e-9cab-e9723c665613" />
  <Project Path="Services/Services.csproj" Id="f614323e-74b5-4551-86c3-1cc6a6356136" />
  <Project Path="Shared/Shared.csproj" Id="56247868-1146-4912-84bd-f38b75429b45" />
  <Project Path="SurveyConfiguratorTaskWeb/SurveyConfiguratorTaskWeb.csproj" Id="195d9857-6486-41c0-8314-04ec135818b7" />
  <Project Path="SurveyConfiguratorTaskWinforms/SurveyConfiguratorTaskWinforms.csproj" />
</Solution>
